
Microsoft Visual Studio Solution File, Format Version 12.00
# Visual Studio Version 17
VisualStudioVersion = 17.4.33110.190
MinimumVisualStudioVersion = 10.0.40219.1
Project("{FAE04EC0-301F-11D3-BF4B-00C04F79EFBC}") = "TucAnonObjects", "TucAnonObjects\TucAnonObjects.csproj", "{1039259D-CB92-4B48-BB75-1A40BA057F62}"
EndProject
Global
	GlobalSection(SolutionConfigurationPlatforms) = preSolution
		Debug|Any CPU = Debug|Any CPU
		Release|Any CPU = Release|Any CPU
	EndGlobalSection
	GlobalSection(ProjectConfigurationPlatforms) = postSolution
		{1039259D-CB92-4B48-BB75-1A40BA057F62}.Debug|Any CPU.ActiveCfg = Debug|Any CPU
		{1039259D-CB92-4B48-BB75-1A40BA057F62}.Debug|Any CPU.Build.0 = Debug|Any CPU
		{1039259D-CB92-4B48-BB75-1A40BA057F62}.Release|Any CPU.ActiveCfg = Release|Any CPU
		{1039259D-CB92-4B48-BB75-1A40BA057F62}.Release|Any CPU.Build.0 = Release|Any CPU
	EndGlobalSection
	GlobalSection(SolutionProperties) = preSolution
		HideSolutionNode = FALSE
	EndGlobalSection
	GlobalSection(ExtensibilityGlobals) = postSolution
		SolutionGuid = {17D44AA3-1172-47DF-BA24-3DF418477003}
	EndGlobalSection
EndGlobal
